#
# This file is autogenerated by pip-compile with Python 3.12
# by the following command:
#
#    pip-compile --allow-unsafe --generate-hashes --no-index --output-file=requirements.lock --strip-extras pyproject.toml
#
h3==4.5.0 \
    --hash=sha256:0b17cf243923e9554ba4d8c6a5b5ade3cf302751155edbc2cc5821e7dc859dea \
    --hash=sha256:17d3793e6bdeec1c1dbf5fd92cb8aad42dc64918646f5b69216fb0cf28dbd3f7 \
    --hash=sha256:1bb5ac89a494fa8e4c1594b77ed8a18419b95513c3e586ce1189606df54a38a8 \
    --hash=sha256:1ef3d069afa78988fb221574ab75cab35117651247e955633efe6cb89d635c00 \
    --hash=sha256:260220ea216acda378bac481b26d414fab2d88bb724fe3fc3d6d0d764a2b16bd \
    --hash=sha256:362efd509ed8899e75a5fb43ea39745103fac13a65ef6bb1971f043a562c90ef \
    --hash=sha256:3870b4fbd9e302e550a811d10b57f4e42074a3b9e39bed1281761486153cd37b \
    --hash=sha256:3d3d8917adbc2f81a1b766f643f66857581617d03a73eab89bacf0935cb61305 \
    --hash=sha256:44f9eee75985ecf06af82cfbce5fe7a0fd1cae73bee53d15155fe8fdb165578a \
    --hash=sha256:463e8d59dbc65570d1cbce1bd3799ab1be7b2e8123af88586ed314fbf50cb6b5 \
    --hash=sha256:4e8af93363b9b14fe1797a2557b22bb158b1be7696f145ea8ee6f8b9315860fa \
    --hash=sha256:52acb53a7a5b8be3f530c0168fd006457bdb67f78d0f0438d7facb76a9d331c3 \
    --hash=sha256:531ff6a42432ea08869ef29ef6bcf244fd169f6d0720e74842bba40089654390 \
    --hash=sha256:551907d1ee01b5fee599da4ce1c41b054c64e8b20221094caf8e52caeb5d30bb \
    --hash=sha256:583c3c42b3fa3576649c658f24beba080655159e724ecd1d6204b185df9eb4f6 \
    --hash=sha256:64e05ee026241b8ed536a3e5ee369ea6d82d19dcb13d3c6842bfcf2f8b414e19 \
    --hash=sha256:70d125d0dc70daabaf241267eb9cc7cba97b25b22370ebb8e12d68ff8a49f227 \
    --hash=sha256:74dbc558a10177a7b63d307d85d53c94b10408b253291961235f33d7714986c2 \
    --hash=sha256:7b181b13758e3852b02276e2e46422feb61ba38c23ea02bd4f045bbeb29df154 \
    --hash=sha256:7b5ee5185d7fe5126d67a85d1bc1033bdb932e579e2b948eaaec08a43b6b40c1 \
    --hash=sha256:9657dddd0de99a24f4cd3d0cc409648b2ed5b9c0fbc202149615a5419a119e08 \
    --hash=sha256:9d28ffcfb4cc1d9fb1cba44a8eacb45cf67d0a649391d8624eb537199c1f2e1a \
    --hash=sha256:a1e279a1674fc799445c710e35bc4b1b388a406c881d8b5e59a9b8bebeb5bb43 \
    --hash=sha256:a3d5367218c97cacc998b41dca370f07c2273aee11e75c56d8d87f4c4d19dabe \
    --hash=sha256:a7a49fb578454a509a5941567ee47786a5cd9fd4194f499baa96632c897c77a3 \
    --hash=sha256:bf8fe70eef1c122e7465f3b9c57f793fa1a6885cf067be3a83423c0f30c0d80c \
    --hash=sha256:c1ae8f31981cf0dbdae15f1cc817ec30b6bbec7f27461cb28a0e1eb1794360d0 \
    --hash=sha256:d031c922c49ce047728ac698541c1e0535ee72fe821e5f73f5faaed50a7c899b \
    --hash=sha256:df23f9ff0a9ff9c6195f48ebc8fb8fc6d50c2025ec37649991749d5282a2950f \
    --hash=sha256:e5ae6104f93ede960e6146efbb461dcb14e6cdb7d3932d8f1444ceade4f178b5 \
    --hash=sha256:ea0b236c42298b4266a9745abe0fd807f8054a65a54733da3f07f69395bbce77 \
    --hash=sha256:ebe9875778d240d7ac37496b66d89abecb7e0090977e5f1e20d0caf63e513223 \
    --hash=sha256:f2cc7ed2e2370a67393b791972dab107eca4e14c5bfa96558e1c9ec8a501af6e
    # via contextseqrec-etl (pyproject.toml)
numpy==1.26.4 \
    --hash=sha256:03a8c78d01d9781b28a6989f6fa1bb2c4f2d51201cf99d3dd875df6fbd96b23b \
    --hash=sha256:08beddf13648eb95f8d867350f6a018a4be2e5ad54c8d8caed89ebca558b2818 \
    --hash=sha256:1af303d6b2210eb850fcf03064d364652b7120803a0b872f5211f5234b399f20 \
    --hash=sha256:1dda2e7b4ec9dd512f84935c5f126c8bd8b9f2fc001e9f54af255e8c5f16b0e0 \
    --hash=sha256:2a02aba9ed12e4ac4eb3ea9421c420301a0c6460d9830d74a9df87efa4912010 \
    --hash=sha256:2e4ee3380d6de9c9ec04745830fd9e2eccb3e6cf790d39d7b98ffd19b0dd754a \
    --hash=sha256:3373d5d70a5fe74a2c1bb6d2cfd9609ecf686d47a2d7b1d37a8f3b6bf6003aea \
    --hash=sha256:47711010ad8555514b434df65f7d7b076bb8261df1ca9bb78f53d3b2db02e95c \
    --hash=sha256:4c66707fabe114439db9068ee468c26bbdf909cac0fb58686a42a24de1760c71 \
    --hash=sha256:50193e430acfc1346175fcbdaa28ffec49947a06918b7b92130744e81e640110 \
    --hash=sha256:52b8b60467cd7dd1e9ed082188b4e6bb35aa5cdd01777621a1658910745b90be \
    --hash=sha256:60dedbb91afcbfdc9bc0b1f3f402804070deed7392c23eb7a7f07fa857868e8a \
    --hash=sha256:62b8e4b1e28009ef2846b4c7852046736bab361f7aeadeb6a5b89ebec3c7055a \
    --hash=sha256:666dbfb6ec68962c033a450943ded891bed2d54e6755e35e5835d63f4f6931d5 \
    --hash=sha256:675d61ffbfa78604709862923189bad94014bef562cc35cf61d3a07bba02a7ed \
    --hash=sha256:679b0076f67ecc0138fd2ede3a8fd196dddc2ad3254069bcb9faf9a79b1cebcd \
    --hash=sha256:7349ab0fa0c429c82442a27a9673fc802ffdb7c7775fad780226cb234965e53c \
    --hash=sha256:7ab55401287bfec946ced39700c053796e7cc0e3acbef09993a9ad2adba6ca6e \
    --hash=sha256:7e50d0a0cc3189f9cb0aeb3a6a6af18c16f59f004b866cd2be1c14b36134a4a0 \
    --hash=sha256:95a7476c59002f2f6c590b9b7b998306fba6a5aa646b1e22ddfeaf8f78c3a29c \
    --hash=sha256:96ff0b2ad353d8f990b63294c8986f1ec3cb19d749234014f4e7eb0112ceba5a \
    --hash=sha256:9fad7dcb1aac3c7f0584a5a8133e3a43eeb2fe127f47e3632d43d677c66c102b \
    --hash=sha256:9ff0f4f29c51e2803569d7a51c2304de5554655a60c5d776e35b4a41413830d0 \
    --hash=sha256:a354325ee03388678242a4d7ebcd08b5c727033fcff3b2f536aea978e15ee9e6 \
    --hash=sha256:a4abb4f9001ad2858e7ac189089c42178fcce737e4169dc61321660f1a96c7d2 \
    --hash=sha256:ab47dbe5cc8210f55aa58e4805fe224dac469cde56b9f731a4c098b91917159a \
    --hash=sha256:afedb719a9dcfc7eaf2287b839d8198e06dcd4cb5d276a3df279231138e83d30 \
    --hash=sha256:b3ce300f3644fb06443ee2222c2201dd3a89ea6040541412b8fa189341847218 \
    --hash=sha256:b97fe8060236edf3662adfc2c633f56a08ae30560c56310562cb4f95500022d5 \
    --hash=sha256:bfe25acf8b437eb2a8b2d49d443800a5f18508cd811fea3181723922a8a82b07 \
    --hash=sha256:cd25bcecc4974d09257ffcd1f098ee778f7834c3ad767fe5db785be9a4aa9cb2 \
    --hash=sha256:d209d8969599b27ad20994c8e41936ee0964e6da07478d6c35016bc386b66ad4 \
    --hash=sha256:d5241e0a80d808d70546c697135da2c613f30e28251ff8307eb72ba696945764 \
    --hash=sha256:edd8b5fe47dab091176d21bb6de568acdd906d1887a4584a15a9a96a1dca06ef \
    --hash=sha256:f870204a840a60da0b12273ef34f7051e98c3b5961b61b0c2c1be6dfd64fbcd3 \
    --hash=sha256:ffa75af20b44f8dba823498024771d5ac50620e6915abac414251bd971b4529f
    # via
    #   contextseqrec-etl (pyproject.toml)
    #   pandas
pandas==2.2.3 \
    --hash=sha256:062309c1b9ea12a50e8ce661145c6aab431b1e99530d3cd60640e255778bd43a \
    --hash=sha256:15c0e1e02e93116177d29ff83e8b1619c93ddc9c49083f237d4312337a61165d \
    --hash=sha256:1948ddde24197a0f7add2bdc4ca83bf2b1ef84a1bc8ccffd95eda17fd836ecb5 \
    --hash=sha256:1db71525a1538b30142094edb9adc10be3f3e176748cd7acc2240c2f2e5aa3a4 \
    --hash=sha256:22a9d949bfc9a502d320aa04e5d02feab689d61da4e7764b62c30b991c42c5f0 \
    --hash=sha256:29401dbfa9ad77319367d36940cd8a0b3a11aba16063e39632d98b0e931ddf32 \
    --hash=sha256:31d0ced62d4ea3e231a9f228366919a5ea0b07440d9d4dac345376fd8e1477ea \
    --hash=sha256:3508d914817e153ad359d7e069d752cdd736a247c322d932eb89e6bc84217f28 \
    --hash=sha256:37e0aced3e8f539eccf2e099f65cdb9c8aa85109b0be6e93e2baff94264bdc6f \
    --hash=sha256:381175499d3802cde0eabbaf6324cce0c4f5d52ca6f8c377c29ad442f50f6348 \
    --hash=sha256:38cf8125c40dae9d5acc10fa66af8ea6fdf760b2714ee482ca691fc66e6fcb18 \
    --hash=sha256:3b71f27954685ee685317063bf13c7709a7ba74fc996b84fc6821c59b0f06468 \
    --hash=sha256:3fc6873a41186404dad67245896a6e440baacc92f5b716ccd1bc9ed2995ab2c5 \
    --hash=sha256:4850ba03528b6dd51d6c5d273c46f183f39a9baf3f0143e566b89450965b105e \
    --hash=sha256:4f18ba62b61d7e192368b84517265a99b4d7ee8912f8708660fb4a366cc82667 \
    --hash=sha256:56534ce0746a58afaf7942ba4863e0ef81c9c50d3f0ae93e9497d6a41a057645 \
    --hash=sha256:59ef3764d0fe818125a5097d2ae867ca3fa64df032331b7e0917cf5d7bf66b13 \
    --hash=sha256:5dbca4c1acd72e8eeef4753eeca07de9b1db4f398669d5994086f788a5d7cc30 \
    --hash=sha256:5de54125a92bb4d1c051c0659e6fcb75256bf799a732a87184e5ea503965bce3 \
    --hash=sha256:61c5ad4043f791b61dd4752191d9f07f0ae412515d59ba8f005832a532f8736d \
    --hash=sha256:6374c452ff3ec675a8f46fd9ab25c4ad0ba590b71cf0656f8b6daa5202bca3fb \
    --hash=sha256:63cc132e40a2e084cf01adf0775b15ac515ba905d7dcca47e9a251819c575ef3 \
    --hash=sha256:66108071e1b935240e74525006034333f98bcdb87ea116de573a6a0dccb6c039 \
    --hash=sha256:6dfcb5ee8d4d50c06a51c2fffa6cff6272098ad6540aed1a76d15fb9318194d8 \
    --hash=sha256:7c2875855b0ff77b2a64a0365e24455d9990730d6431b9e0ee18ad8acee13dbd \
    --hash=sha256:7eee9e7cea6adf3e3d24e304ac6b8300646e2a5d1cd3a3c2abed9101b0846761 \
    --hash=sha256:800250ecdadb6d9c78eae4990da62743b857b470883fa27f652db8bdde7f6659 \
    --hash=sha256:86976a1c5b25ae3f8ccae3a5306e443569ee3c3faf444dfd0f41cda24667ad57 \
    --hash=sha256:8cd6d7cc958a3910f934ea8dbdf17b2364827bb4dafc38ce6eef6bb3d65ff09c \
    --hash=sha256:99df71520d25fade9db7c1076ac94eb994f4d2673ef2aa2e86ee039b6746d20c \
    --hash=sha256:a5a1595fe639f5988ba6a8e5bc9649af3baf26df3998a0abe56c02609392e0a4 \
    --hash=sha256:ad5b65698ab28ed8d7f18790a0dc58005c7629f227be9ecc1072aa74c0c1d43a \
    --hash=sha256:b1d432e8d08679a40e2a6d8b2f9770a5c21793a6f9f47fdd52c5ce1948a5a8a9 \
    --hash=sha256:b8661b0238a69d7aafe156b7fa86c44b881387509653fdf857bebc5e4008ad42 \
    --hash=sha256:ba96630bc17c875161df3818780af30e43be9b166ce51c9a18c1feae342906c2 \
    --hash=sha256:bc6b93f9b966093cb0fd62ff1a7e4c09e6d546ad7c1de191767baffc57628f39 \
    --hash=sha256:c124333816c3a9b03fbeef3a9f230ba9a737e9e5bb4060aa2107a86cc0a497fc \
    --hash=sha256:cd8d0c3be0515c12fed0bdbae072551c8b54b7192c7b1fda0ba56059a0179698 \
    --hash=sha256:d9c45366def9a3dd85a6454c0e7908f2b3b8e9c138f5dc38fed7ce720d8453ed \
    --hash=sha256:f00d1345d84d8c86a63e476bb4955e46458b304b9575dcf71102b5c705320015 \
    --hash=sha256:f3a255b2c19987fbbe62a9dfd6cff7ff2aa9ccab3fc75218fd4b7530f01efa24 \
    --hash=sha256:fffb8ae78d8af97f849404f21411c95062db1496aeb3e56f146f0355c9989319
    # via contextseqrec-etl (pyproject.toml)
py4j==0.10.9.9 \
    --hash=sha256:c7c26e4158defb37b0bb124933163641a2ff6e3a3913f7811b0ddbe07ed61533 \
    --hash=sha256:f694cad19efa5bd1dee4f3e5270eb406613c974394035e5bfc4ec1aba870b879
    # via pyspark
pyarrow==25.0.0 \
    --hash=sha256:0222f0071d13313962a88d21bf28b80d355ac39d81bfa6ff3fe00eeaf748e4be \
    --hash=sha256:0490a7f8b38ffe11cc26526b50c65d111cb54ddac3717cec781806793f1244dc \
    --hash=sha256:0721332c30fdd453fdd1fc203b2ac1f4c9db5aea28fa38d41f2574c4b068b9ec \
    --hash=sha256:13240f0d3dc5932ccd0bfa90cd76d835680b9d94a7661c635df4b703d40ce849 \
    --hash=sha256:149730a3d1f0fb59d663a0b8aa210adfd9c17c27cd94a0d143e60daea8320d4e \
    --hash=sha256:161649d60a7a46c613a19fd795763ea8a88c36ba997dd99d9bc66e6794ee36e8 \
    --hash=sha256:18dcc8cc50b5e72eae6fcbfc6c8776c21a007176b27a3cdec5c2f5bcf126708d \
    --hash=sha256:20887a762dd61dcc530f93a140840ab1f6aa7836b33270e42d627ab3cf11e537 \
    --hash=sha256:244f98a595f70fa4fd35faa7508c4ae67e14a173397a4b3b49d2b3c360fb0062 \
    --hash=sha256:26be35b80780d2d21f4bae3d568b1666337c3a89722cc1794c956a77017cb24e \
    --hash=sha256:2e093efbecb5317372f819228fa4b4e6157eee48d3f0a7b0303705ebf81a7104 \
    --hash=sha256:2e3b6544e26e393fe2cd530f523e36c1c8d3c345bbbb60cca3fd866be8322517 \
    --hash=sha256:38a2c887cb3883e241b70201688db34133b6dfadd04f03c8f9213df53770c18e \
    --hash=sha256:3f356afe61186395c861d5cd63dc21ff7d5fa335012a4668d979257df7fea0f5 \
    --hash=sha256:447df764beb07c544f0178a5f6b70ef44b9ecf382b3cdfad4c2d7867353c3887 \
    --hash=sha256:4ec1895a87aa834c3b99b7a1e758747eb8bb57f922b32c0e0fa04afb8d6998b1 \
    --hash=sha256:58d1ab556b0cea1c93fdb799b24ad58adb2f2a2788dbce782a94f64ae1a5cc9b \
    --hash=sha256:59516c822d5fd8e544aaa0dfe72f36fed5d4c24ea8390aab1bcd31d7e959c6be \
    --hash=sha256:5d1dbf24e151042f2fa3c129563f65d66674128868496fb008c4272b16bdf778 \
    --hash=sha256:5f4bacb60f91dd2fca6c52f1b9a0012cd090e0294f1f781dc1881a247a352f8e \
    --hash=sha256:5fb2d837960f1df7f679ff9f1a55065e306347d379e0768cebf14781254d6194 \
    --hash=sha256:6f4812bfbf11ca7d8faf59eb8fff8bf4dd25ce3a38b62baa010cc17a0926d1b2 \
    --hash=sha256:6f9dbd83e91c239a1f5ee7ce13f108b5f6c0efbe40a4375260d8f08b43ad05e9 \
    --hash=sha256:72132b9a8a0a1840197794d4dea26080069b6b0981c116bc078762dc9691b21b \
    --hash=sha256:77c8d1ae46a44b4006e8db1cc977bbcc6ce4873c92f74137d68e45503b97fb18 \
    --hash=sha256:7d6da02ffc7a3a9bda3b7ded4cc2a27ff73969ab37153f3afd46bbbc1ba4f0f7 \
    --hash=sha256:8831a3ba52fa7cdb78d368d968b1dcd06171e6dff5461e16d90de91d371e47bc \
    --hash=sha256:ac5dfeee59f9ceb4d45ba76e83b026c38c24334135bb329d8274baa49cec3c62 \
    --hash=sha256:add690feafa0953c443cdba9e9e87f5eaa198f1ea2e43a3b146ea83f202262d0 \
    --hash=sha256:b58726f118c079f9d4ed7e904975d4f15fd69d0741ba511a4e2dcaa4ef16354f \
    --hash=sha256:b724d127783b4c19f088fcdfc844cbc318809246a30307bcabd5ed02045e890e \
    --hash=sha256:b72d943ff4e10fec8d48aedb23322d8f6ea8bc2d698b81db37e73730f69e4862 \
    --hash=sha256:b8af8ceedf0c9c160fd2b63440f2d205b9404db85866c1217bfea601de7cfb50 \
    --hash=sha256:c70a5fd9a82bd1a702fd482bdc62d38dcb672fb2b449b1d7c0d7d1f4be7b7bfe \
    --hash=sha256:ce0ca222802087b9a8cb031a6468442cb6b67c290a45a601cac64753d34954d3 \
    --hash=sha256:d293e9959b29a24c82d936d04ab2b7fd8b8d334030de2e56a99aba94f008ad7a \
    --hash=sha256:d2d697008b5ec06d75952ef260c2e9a8a0f6ccfce24266c04c9c8ade927cb3b4 \
    --hash=sha256:dbf9fa5d4bde73b1cc16377dcaaa010f971e6fa7f5083f5d44f34b50bc1d74af \
    --hash=sha256:e009ef945e498dca2f050ea10d2e9764cb44017254826fc4574fdb8d2530173b \
    --hash=sha256:e83916bbcf380866b4e14255850b33323ff678dc9758411d0409cdd2523880b0 \
    --hash=sha256:f0f100dacf2c0f400601664a79d1a907ced4740514bb2b00917341038e2ce76f \
    --hash=sha256:f57a39dbcb416345401c2e77a4373669b45fd111a1768e6cf267a7a0607ff0ec \
    --hash=sha256:fa1482b3da10cac2d4db6e26b81da543e237616af2ef6d466018b31ca586496f
    # via contextseqrec-etl (pyproject.toml)
pyspark==3.5.9 \
    --hash=sha256:ea27adc39ddac9413b8951e45aa748cbed6c785971b81386efc41938f6243d93
    # via contextseqrec-etl (pyproject.toml)
python-dateutil==2.9.0.post0 \
    --hash=sha256:37dd54208da7e1cd875388217d5e00ebd4179249f90fb72437e91a35459a0ad3 \
    --hash=sha256:a8b2bc7bffae282281c8140a97d3aa9c14da0b136dfe83f850eea9a5f7470427
    # via pandas
pytz==2026.3.post1 \
    --hash=sha256:2211d3fcf9a797d3405cac96ac7f61d80e6a644f72a3309607282fe8a2010c5d \
    --hash=sha256:dd95840dd199baea12d9cc096a1d452caa6596a1c1e4b5f3dbd1541855d5e815
    # via pandas
six==1.17.0 \
    --hash=sha256:4721f391ed90541fddacab5acf947aa0d3dc7d27b2e1e8eda2be8970586c3274 \
    --hash=sha256:ff70335d468e7eb6ec65b95b99d3a2836546063f63acc5171de367e834932a81
    # via python-dateutil
tqdm==4.69.1 \
    --hash=sha256:0a654b96f7a2660cceb615b56f307ec2bef96c515409014a429a561981ab52b4 \
    --hash=sha256:2be21080a0ce17e902c2f1baeb6a74bf551b67bbdfa4bc0109fad471d0b4cb0d
    # via contextseqrec-etl (pyproject.toml)
tzdata==2026.3 \
    --hash=sha256:4a1518b8993086a7982523e071643f3c0e5f213e75b21318e78bcabfff9d1415 \
    --hash=sha256:dc096730c87af6cab1b171c9d532be840741ff5d459015e7f6947bd7d7e54931
    # via pandas

# The following packages are considered to be unsafe in a requirements file:
setuptools==84.0.0 \
    --hash=sha256:51a52592b3b99e102b609654876bd65f19f999935166d1352678931132b0c670 \
    --hash=sha256:f4695c21257f0d9b537ec2692c941d02ee143b7cc1276941349a546573b2ef73
    # via contextseqrec-etl (pyproject.toml)
